
Microsoft Visual Studio Solution File, Format Version 12.00
# Visual Studio Version 16
VisualStudioVersion = 16.0.29920.165
MinimumVisualStudioVersion = 10.0.40219.1
Project("{2150E333-8FDC-42A3-9474-1A3956D46DE8}") = "Src", "Src", "{45AB621C-765B-44BA-AAC7-B7AE600190D1}"
EndProject
Project("{2150E333-8FDC-42A3-9474-1A3956D46DE8}") = "Tests", "Tests", "{A68EEB0C-5948-4DD9-9E75-293EE086828B}"
EndProject
Project("{9A19103F-16F7-4668-BE54-9A1E7A4F7556}") = "SolutionName", "Src\SolutionName\SolutionName.csproj", "{607C5F01-7464-496C-A4E7-9DA6FE35234E}"
EndProject
Project("{9A19103F-16F7-4668-BE54-9A1E7A4F7556}") = "SolutionName.Tests", "Tests\SolutionName.Tests\SolutionName.Tests.csproj", "{2F57B9CD-5505-4456-B9FE-F91DCB4476D6}"
EndProject
Project("{2150E333-8FDC-42A3-9474-1A3956D46DE8}") = "Solution Items", "Solution Items", "{7029F144-374E-4943-B530-B3D603991881}"
	ProjectSection(SolutionItems) = preProject
		appveyor.yml = appveyor.yml
		README.md = README.md
	EndProjectSection
EndProject
Global
	GlobalSection(SolutionConfigurationPlatforms) = preSolution
		Debug|Any CPU = Debug|Any CPU
		Release|Any CPU = Release|Any CPU
	EndGlobalSection
	GlobalSection(ProjectConfigurationPlatforms) = postSolution
		{607C5F01-7464-496C-A4E7-9DA6FE35234E}.Debug|Any CPU.ActiveCfg = Debug|Any CPU
		{607C5F01-7464-496C-A4E7-9DA6FE35234E}.Debug|Any CPU.Build.0 = Debug|Any CPU
		{607C5F01-7464-496C-A4E7-9DA6FE35234E}.Release|Any CPU.ActiveCfg = Release|Any CPU
		{607C5F01-7464-496C-A4E7-9DA6FE35234E}.Release|Any CPU.Build.0 = Release|Any CPU
		{2F57B9CD-5505-4456-B9FE-F91DCB4476D6}.Debug|Any CPU.ActiveCfg = Debug|Any CPU
		{2F57B9CD-5505-4456-B9FE-F91DCB4476D6}.Debug|Any CPU.Build.0 = Debug|Any CPU
		{2F57B9CD-5505-4456-B9FE-F91DCB4476D6}.Release|Any CPU.ActiveCfg = Release|Any CPU
		{2F57B9CD-5505-4456-B9FE-F91DCB4476D6}.Release|Any CPU.Build.0 = Release|Any CPU
	EndGlobalSection
	GlobalSection(SolutionProperties) = preSolution
		HideSolutionNode = FALSE
	EndGlobalSection
	GlobalSection(NestedProjects) = preSolution
		{607C5F01-7464-496C-A4E7-9DA6FE35234E} = {45AB621C-765B-44BA-AAC7-B7AE600190D1}
		{2F57B9CD-5505-4456-B9FE-F91DCB4476D6} = {A68EEB0C-5948-4DD9-9E75-293EE086828B}
	EndGlobalSection
	GlobalSection(ExtensibilityGlobals) = postSolution
		SolutionGuid = {7A2E5FEF-C64E-4FD2-BAD9-D4CDAEFF48CB}
	EndGlobalSection
EndGlobal
